// !$*UTF8*$!
{
	archiveVersion = 1;
	classes = {
	};
	objectVersion = 50;
	objects = {

/* Begin PBXBuildFile section */
		EB54496C20E21CF600BC40EB /* AppDelegate.swift in Sources */ = {isa = PBXBuildFile; fileRef = EB54496B20E21CF600BC40EB /* AppDelegate.swift */; };
		EB54496E20E21CF600BC40EB /* ViewController.swift in Sources */ = {isa = PBXBuildFile; fileRef = EB54496D20E21CF600BC40EB /* ViewController.swift */; };
		EB54497120E21CF600BC40EB /* Main.storyboard in Resources */ = {isa = PBXBuildFile; fileRef = EB54496F20E21CF600BC40EB /* Main.storyboard */; };
		EB54497320E21CF700BC40EB /* Assets.xcassets in Resources */ = {isa = PBXBuildFile; fileRef = EB54497220E21CF700BC40EB /* Assets.xcassets */; };
		EB54497620E21CF700BC40EB /* LaunchScreen.storyboard in Resources */ = {isa = PBXBuildFile; fileRef = EB54497420E21CF700BC40EB /* LaunchScreen.storyboard */; };
		EB54497E20E45DAE00BC40EB /* UnoCards.swift in Sources */ = {isa = PBXBuildFile; fileRef = EB54497D20E45DAE00BC40EB /* UnoCards.swift */; };
		EB80560A20EA49CA00FB46C1 /* UnoCardDecks.swift in Sources */ = {isa = PBXBuildFile; fileRef = EB80560920EA49CA00FB46C1 /* UnoCardDecks.swift */; };
		EB80560C20EE49B600FB46C1 /* Player.swift in Sources */ = {isa = PBXBuildFile; fileRef = EB80560B20EE49B600FB46C1 /* Player.swift */; };
/* End PBXBuildFile section */

/* Begin PBXFileReference section */
		EB54496820E21CF600BC40EB /* LS' Crazy Uno.app */ = {isa = PBXFileReference; explicitFileType = wrapper.application; includeInIndex = 0; path = "LS' Crazy Uno.app"; sourceTree = BUILT_PRODUCTS_DIR; };
		EB54496B20E21CF600BC40EB /* AppDelegate.swift */ = {isa = PBXFileReference; lastKnownFileType = sourcecode.swift; path = AppDelegate.swift; sourceTree = "<group>"; };
		EB54496D20E21CF600BC40EB /* ViewController.swift */ = {isa = PBXFileReference; lastKnownFileType = sourcecode.swift; path = ViewController.swift; sourceTree = "<group>"; };
		EB54497020E21CF600BC40EB /* Base */ = {isa = PBXFileReference; lastKnownFileType = file.storyboard; name = Base; path = Base.lproj/Main.storyboard; sourceTree = "<group>"; };
		EB54497220E21CF700BC40EB /* Assets.xcassets */ = {isa = PBXFileReference; lastKnownFileType = folder.assetcatalog; path = Assets.xcassets; sourceTree = "<group>"; };
		EB54497520E21CF700BC40EB /* Base */ = {isa = PBXFileReference; lastKnownFileType = file.storyboard; name = Base; path = Base.lproj/LaunchScreen.storyboard; sourceTree = "<group>"; };
		EB54497720E21CF700BC40EB /* Info.plist */ = {isa = PBXFileReference; lastKnownFileType = text.plist.xml; path = Info.plist; sourceTree = "<group>"; };
		EB54497D20E45DAE00BC40EB /* UnoCards.swift */ = {isa = PBXFileReference; lastKnownFileType = sourcecode.swift; path = UnoCards.swift; sourceTree = "<group>"; };
		EB80560920EA49CA00FB46C1 /* UnoCardDecks.swift */ = {isa = PBXFileReference; lastKnownFileType = sourcecode.swift; path = UnoCardDecks.swift; sourceTree = "<group>"; };
		EB80560B20EE49B600FB46C1 /* Player.swift */ = {isa = PBXFileReference; lastKnownFileType = sourcecode.swift; path = Player.swift; sourceTree = "<group>"; };
/* End PBXFileReference section */

/* Begin PBXFrameworksBuildPhase section */
		EB54496520E21CF600BC40EB /* Frameworks */ = {
			isa = PBXFrameworksBuildPhase;
			buildActionMask = 2147483647;
			files = (
			);
			runOnlyForDeploymentPostprocessing = 0;
		};
/* End PBXFrameworksBuildPhase section */

/* Begin PBXGroup section */
		EB54495F20E21CF600BC40EB = {
			isa = PBXGroup;
			children = (
				EB54496A20E21CF600BC40EB /* LS' Crazy Uno */,
				EB54496920E21CF600BC40EB /* Products */,
			);
			sourceTree = "<group>";
		};
		EB54496920E21CF600BC40EB /* Products */ = {
			isa = PBXGroup;
			children = (
				EB54496820E21CF600BC40EB /* LS' Crazy Uno.app */,
			);
			name = Products;
			sourceTree = "<group>";
		};
		EB54496A20E21CF600BC40EB /* LS' Crazy Uno */ = {
			isa = PBXGroup;
			children = (
				EB54496B20E21CF600BC40EB /* AppDelegate.swift */,
				EB80560520E7A92E00FB46C1 /* Controllers */,
				EB80560420E7A84F00FB46C1 /* DataModel */,
				EB80560720E7A9D100FB46C1 /* Views */,
				EB80560820E7A9F200FB46C1 /* Supporting Files */,
				EB54497720E21CF700BC40EB /* Info.plist */,
			);
			path = "LS' Crazy Uno";
			sourceTree = "<group>";
		};
		EB80560420E7A84F00FB46C1 /* DataModel */ = {
			isa = PBXGroup;
			children = (
				EB54497D20E45DAE00BC40EB /* UnoCards.swift */,
				EB80560920EA49CA00FB46C1 /* UnoCardDecks.swift */,
				EB80560B20EE49B600FB46C1 /* Player.swift */,
			);
			path = DataModel;
			sourceTree = "<group>";
		};
		EB80560520E7A92E00FB46C1 /* Controllers */ = {
			isa = PBXGroup;
			children = (
				EB54496D20E21CF600BC40EB /* ViewController.swift */,
			);
			path = Controllers;
			sourceTree = "<group>";
		};
		EB80560720E7A9D100FB46C1 /* Views */ = {
			isa = PBXGroup;
			children = (
				EB54496F20E21CF600BC40EB /* Main.storyboard */,
			);
			path = Views;
			sourceTree = "<group>";
		};
		EB80560820E7A9F200FB46C1 /* Supporting Files */ = {
			isa = PBXGroup;
			children = (
				EB54497220E21CF700BC40EB /* Assets.xcassets */,
				EB54497420E21CF700BC40EB /* LaunchScreen.storyboard */,
			);
			path = "Supporting Files";
			sourceTree = "<group>";
		};
/* End PBXGroup section */

/* Begin PBXNativeTarget section */
		EB54496720E21CF600BC40EB /* LS' Crazy Uno */ = {
			isa = PBXNativeTarget;
			buildConfigurationList = EB54497A20E21CF700BC40EB /* Build configuration list for PBXNativeTarget "LS' Crazy Uno" */;
			buildPhases = (
				EB54496420E21CF600BC40EB /* Sources */,
				EB54496520E21CF600BC40EB /* Frameworks */,
				EB54496620E21CF600BC40EB /* Resources */,
			);
			buildRules = (
			);
			dependencies = (
			);
			name = "LS' Crazy Uno";
			productName = "LS' Crazy Uno";
			productReference = EB54496820E21CF600BC40EB /* LS' Crazy Uno.app */;
			productType = "com.apple.product-type.application";
		};
/* End PBXNativeTarget section */

/* Begin PBXProject section */
		EB54496020E21CF600BC40EB /* Project object */ = {
			isa = PBXProject;
			attributes = {
				LastSwiftUpdateCheck = 0940;
				LastUpgradeCheck = 0940;
				ORGANIZATIONNAME = "Sydney Yang";
				TargetAttributes = {
					EB54496720E21CF600BC40EB = {
						CreatedOnToolsVersion = 9.4.1;
					};
				};
			};
			buildConfigurationList = EB54496320E21CF600BC40EB /* Build configuration list for PBXProject "LS' Crazy Uno" */;
			compatibilityVersion = "Xcode 9.3";
			developmentRegion = en;
			hasScannedForEncodings = 0;
			knownRegions = (
				en,
				Base,
			);
			mainGroup = EB54495F20E21CF600BC40EB;
			productRefGroup = EB54496920E21CF600BC40EB /* Products */;
			projectDirPath = "";
			projectRoot = "";
			targets = (
				EB54496720E21CF600BC40EB /* LS' Crazy Uno */,
			);
		};
/* End PBXProject section */

/* Begin PBXResourcesBuildPhase section */
		EB54496620E21CF600BC40EB /* Resources */ = {
			isa = PBXResourcesBuildPhase;
			buildActionMask = 2147483647;
			files = (
				EB54497620E21CF700BC40EB /* LaunchScreen.storyboard in Resources */,
				EB54497320E21CF700BC40EB /* Assets.xcassets in Resources */,
				EB54497120E21CF600BC40EB /* Main.storyboard in Resources */,
			);
			runOnlyForDeploymentPostprocessing = 0;
		};
/* End PBXResourcesBuildPhase section */

/* Begin PBXSourcesBuildPhase section */
		EB54496420E21CF600BC40EB /* Sources */ = {
			isa = PBXSourcesBuildPhase;
			buildActionMask = 2147483647;
			files = (
				EB54496E20E21CF600BC40EB /* ViewController.swift in Sources */,
				EB54496C20E21CF600BC40EB /* AppDelegate.swift in Sources */,
				EB54497E20E45DAE00BC40EB /* UnoCards.swift in Sources */,
				EB80560C20EE49B600FB46C1 /* Player.swift in Sources */,
				EB80560A20EA49CA00FB46C1 /* UnoCardDecks.swift in Sources */,
			);
			runOnlyForDeploymentPostprocessing = 0;
		};
/* End PBXSourcesBuildPhase section */

/* Begin PBXVariantGroup section */
		EB54496F20E21CF600BC40EB /* Main.storyboard */ = {
			isa = PBXVariantGroup;
			children = (
				EB54497020E21CF600BC40EB /* Base */,
			);
			name = Main.storyboard;
			sourceTree = "<group>";
		};
		EB54497420E21CF700BC40EB /* LaunchScreen.storyboard */ = {
			isa = PBXVariantGroup;
			children = (
				EB54497520E21CF700BC40EB /* Base */,
			);
			name = LaunchScreen.storyboard;
			sourceTree = "<group>";
		};
/* End PBXVariantGroup section */

/* Begin XCBuildConfiguration section */
		EB54497820E21CF700BC40EB /* Debug */ = {
			isa = XCBuildConfiguration;
			buildSettings = {
				ALWAYS_SEARCH_USER_PATHS = NO;
				CLANG_ANALYZER_NONNULL = YES;
				CLANG_ANALYZER_NUMBER_OBJECT_CONVERSION = YES_AGGRESSIVE;
				CLANG_CXX_LANGUAGE_STANDARD = "gnu++14";
				CLANG_CXX_LIBRARY = "libc++";
				CLANG_ENABLE_MODULES = YES;
				CLANG_ENABLE_OBJC_ARC = YES;
				CLANG_ENABLE_OBJC_WEAK = YES;
				CLANG_WARN_BLOCK_CAPTURE_AUTORELEASING = YES;
				CLANG_WARN_BOOL_CONVERSION = YES;
				CLANG_WARN_COMMA = YES;
				CLANG_WARN_CONSTANT_CONVERSION = YES;
				CLANG_WARN_DEPRECATED_OBJC_IMPLEMENTATIONS = YES;
				CLANG_WARN_DIRECT_OBJC_ISA_USAGE = YES_ERROR;
				CLANG_WARN_DOCUMENTATION_COMMENTS = YES;
				CLANG_WARN_EMPTY_BODY = YES;
				CLANG_WARN_ENUM_CONVERSION = YES;
				CLANG_WARN_INFINITE_RECURSION = YES;
				CLANG_WARN_INT_CONVERSION = YES;
				CLANG_WARN_NON_LITERAL_NULL_CONVERSION = YES;
				CLANG_WARN_OBJC_IMPLICIT_RETAIN_SELF = YES;
				CLANG_WARN_OBJC_LITERAL_CONVERSION = YES;
				CLANG_WARN_OBJC_ROOT_CLASS = YES_ERROR;
				CLANG_WARN_RANGE_LOOP_ANALYSIS = YES;
				CLANG_WARN_STRICT_PROTOTYPES = YES;
				CLANG_WARN_SUSPICIOUS_MOVE = YES;
				CLANG_WARN_UNGUARDED_AVAILABILITY = YES_AGGRESSIVE;
				CLANG_WARN_UNREACHABLE_CODE = YES;
				CLANG_WARN__DUPLICATE_METHOD_MATCH = YES;
				CODE_SIGN_IDENTITY = "iPhone Developer";
				COPY_PHASE_STRIP = NO;
				DEBUG_INFORMATION_FORMAT = dwarf;
				ENABLE_STRICT_OBJC_MSGSEND = YES;
				ENABLE_TESTABILITY = YES;
				GCC_C_LANGUAGE_STANDARD = gnu11;
				GCC_DYNAMIC_NO_PIC = NO;
				GCC_NO_COMMON_BLOCKS = YES;
				GCC_OPTIMIZATION_LEVEL = 0;
				GCC_PREPROCESSOR_DEFINITIONS = (
					"DEBUG=1",
					"$(inherited)",
				);
				GCC_WARN_64_TO_32_BIT_CONVERSION = YES;
				GCC_WARN_ABOUT_RETURN_TYPE = YES_ERROR;
				GCC_WARN_UNDECLARED_SELECTOR = YES;
				GCC_WARN_UNINITIALIZED_AUTOS = YES_AGGRESSIVE;
				GCC_WARN_UNUSED_FUNCTION = YES;
				GCC_WARN_UNUSED_VARIABLE = YES;
				IPHONEOS_DEPLOYMENT_TARGET = 11.4;
				MTL_ENABLE_DEBUG_INFO = YES;
				ONLY_ACTIVE_ARCH = YES;
				SDKROOT = iphoneos;
				SWIFT_ACTIVE_COMPILATION_CONDITIONS = DEBUG;
				SWIFT_OPTIMIZATION_LEVEL = "-Onone";
			};
			name = Debug;
		};
		EB54497920E21CF700BC40EB /* Release */ = {
			isa = XCBuildConfiguration;
			buildSettings = {
				ALWAYS_SEARCH_USER_PATHS = NO;
				CLANG_ANALYZER_NONNULL = YES;
				CLANG_ANALYZER_NUMBER_OBJECT_CONVERSION = YES_AGGRESSIVE;
				CLANG_CXX_LANGUAGE_STANDARD = "gnu++14";
				CLANG_CXX_LIBRARY = "libc++";
				CLANG_ENABLE_MODULES = YES;
				CLANG_ENABLE_OBJC_ARC = YES;
				CLANG_ENABLE_OBJC_WEAK = YES;
				CLANG_WARN_BLOCK_CAPTURE_AUTORELEASING = YES;
				CLANG_WARN_BOOL_CONVERSION = YES;
				CLANG_WARN_COMMA = YES;
				CLANG_WARN_CONSTANT_CONVERSION = YES;
				CLANG_WARN_DEPRECATED_OBJC_IMPLEMENTATIONS = YES;
				CLANG_WARN_DIRECT_OBJC_ISA_USAGE = YES_ERROR;
				CLANG_WARN_DOCUMENTATION_COMMENTS = YES;
				CLANG_WARN_EMPTY_BODY = YES;
				CLANG_WARN_ENUM_CONVERSION = YES;
				CLANG_WARN_INFINITE_RECURSION = YES;
				CLANG_WARN_INT_CONVERSION = YES;
				CLANG_WARN_NON_LITERAL_NULL_CONVERSION = YES;
				CLANG_WARN_OBJC_IMPLICIT_RETAIN_SELF = YES;
				CLANG_WARN_OBJC_LITERAL_CONVERSION = YES;
				CLANG_WARN_OBJC_ROOT_CLASS = YES_ERROR;
				CLANG_WARN_RANGE_LOOP_ANALYSIS = YES;
				CLANG_WARN_STRICT_PROTOTYPES = YES;
				CLANG_WARN_SUSPICIOUS_MOVE = YES;
				CLANG_WARN_UNGUARDED_AVAILABILITY = YES_AGGRESSIVE;
				CLANG_WARN_UNREACHABLE_CODE = YES;
				CLANG_WARN__DUPLICATE_METHOD_MATCH = YES;
				CODE_SIGN_IDENTITY = "iPhone Developer";
				COPY_PHASE_STRIP = NO;
				DEBUG_INFORMATION_FORMAT = "dwarf-with-dsym";
				ENABLE_NS_ASSERTIONS = NO;
				ENABLE_STRICT_OBJC_MSGSEND = YES;
				GCC_C_LANGUAGE_STANDARD = gnu11;
				GCC_NO_COMMON_BLOCKS = YES;
				GCC_WARN_64_TO_32_BIT_CONVERSION = YES;
				GCC_WARN_ABOUT_RETURN_TYPE = YES_ERROR;
				GCC_WARN_UNDECLARED_SELECTOR = YES;
				GCC_WARN_UNINITIALIZED_AUTOS = YES_AGGRESSIVE;
				GCC_WARN_UNUSED_FUNCTION = YES;
				GCC_WARN_UNUSED_VARIABLE = YES;
				IPHONEOS_DEPLOYMENT_TARGET = 11.4;
				MTL_ENABLE_DEBUG_INFO = NO;
				SDKROOT = iphoneos;
				SWIFT_COMPILATION_MODE = wholemodule;
				SWIFT_OPTIMIZATION_LEVEL = "-O";
				VALIDATE_PRODUCT = YES;
			};
			name = Release;
		};
		EB54497B20E21CF700BC40EB /* Debug */ = {
			isa = XCBuildConfiguration;
			buildSettings = {
				ASSETCATALOG_COMPILER_APPICON_NAME = AppIcon;
				CODE_SIGN_STYLE = Automatic;
				DEVELOPMENT_TEAM = 9YPZ3595RS;
				INFOPLIST_FILE = "LS' Crazy Uno/Info.plist";
				LD_RUNPATH_SEARCH_PATHS = (
					"$(inherited)",
					"@executable_path/Frameworks",
				);
				PRODUCT_BUNDLE_IDENTIFIER = "sydney.LS--Crazy-Uno";
				PRODUCT_NAME = "$(TARGET_NAME)";
				SWIFT_VERSION = 4.0;
				TARGETED_DEVICE_FAMILY = "1,2";
			};
			name = Debug;
		};
		EB54497C20E21CF700BC40EB /* Release */ = {
			isa = XCBuildConfiguration;
			buildSettings = {
				ASSETCATALOG_COMPILER_APPICON_NAME = AppIcon;
				CODE_SIGN_STYLE = Automatic;
				DEVELOPMENT_TEAM = 9YPZ3595RS;
				INFOPLIST_FILE = "LS' Crazy Uno/Info.plist";
				LD_RUNPATH_SEARCH_PATHS = (
					"$(inherited)",
					"@executable_path/Frameworks",
				);
				PRODUCT_BUNDLE_IDENTIFIER = "sydney.LS--Crazy-Uno";
				PRODUCT_NAME = "$(TARGET_NAME)";
				SWIFT_VERSION = 4.0;
				TARGETED_DEVICE_FAMILY = "1,2";
			};
			name = Release;
		};
/* End XCBuildConfiguration section */

/* Begin XCConfigurationList section */
		EB54496320E21CF600BC40EB /* Build configuration list for PBXProject "LS' Crazy Uno" */ = {
			isa = XCConfigurationList;
			buildConfigurations = (
				EB54497820E21CF700BC40EB /* Debug */,
				EB54497920E21CF700BC40EB /* Release */,
			);
			defaultConfigurationIsVisible = 0;
			defaultConfigurationName = Release;
		};
		EB54497A20E21CF700BC40EB /* Build configuration list for PBXNativeTarget "LS' Crazy Uno" */ = {
			isa = XCConfigurationList;
			buildConfigurations = (
				EB54497B20E21CF700BC40EB /* Debug */,
				EB54497C20E21CF700BC40EB /* Release */,
			);
			defaultConfigurationIsVisible = 0;
			defaultConfigurationName = Release;
		};
/* End XCConfigurationList section */
	};
	rootObject = EB54496020E21CF600BC40EB /* Project object */;
}
